
Microsoft Visual Studio Solution File, Format Version 12.00
# Visual Studio Version 16
VisualStudioVersion = 16.0.809.10
MinimumVisualStudioVersion = 10.0.40219.1
Project("{FAE04EC0-301F-11D3-BF4B-00C04F79EFBC}") = "ForLoop", "ForLoop\ForLoop.csproj", "{0FD1C8B0-8FD7-450A-A050-0D2EEB0B29A2}"
EndProject
Global
	GlobalSection(SolutionConfigurationPlatforms) = preSolution
		Debug|Any CPU = Debug|Any CPU
		Release|Any CPU = Release|Any CPU
	EndGlobalSection
	GlobalSection(ProjectConfigurationPlatforms) = postSolution
		{0FD1C8B0-8FD7-450A-A050-0D2EEB0B29A2}.Debug|Any CPU.ActiveCfg = Debug|Any CPU
		{0FD1C8B0-8FD7-450A-A050-0D2EEB0B29A2}.Debug|Any CPU.Build.0 = Debug|Any CPU
		{0FD1C8B0-8FD7-450A-A050-0D2EEB0B29A2}.Release|Any CPU.ActiveCfg = Release|Any CPU
		{0FD1C8B0-8FD7-450A-A050-0D2EEB0B29A2}.Release|Any CPU.Build.0 = Release|Any CPU
	EndGlobalSection
	GlobalSection(SolutionProperties) = preSolution
		HideSolutionNode = FALSE
	EndGlobalSection
	GlobalSection(ExtensibilityGlobals) = postSolution
		SolutionGuid = {0374C879-EC2A-4DC4-8458-893EC911B756}
	EndGlobalSection
EndGlobal
