
Microsoft Visual Studio Solution File, Format Version 12.00
# Visual Studio Version 16
VisualStudioVersion = 16.0.809.10
MinimumVisualStudioVersion = 10.0.40219.1
Project("{FAE04EC0-301F-11D3-BF4B-00C04F79EFBC}") = "Calci", "Calci\Calci.csproj", "{80816F44-7F69-4B4F-B00D-80B5D13B693B}"
EndProject
Global
	GlobalSection(SolutionConfigurationPlatforms) = preSolution
		Debug|Any CPU = Debug|Any CPU
		Release|Any CPU = Release|Any CPU
	EndGlobalSection
	GlobalSection(ProjectConfigurationPlatforms) = postSolution
		{80816F44-7F69-4B4F-B00D-80B5D13B693B}.Debug|Any CPU.ActiveCfg = Debug|Any CPU
		{80816F44-7F69-4B4F-B00D-80B5D13B693B}.Debug|Any CPU.Build.0 = Debug|Any CPU
		{80816F44-7F69-4B4F-B00D-80B5D13B693B}.Release|Any CPU.ActiveCfg = Release|Any CPU
		{80816F44-7F69-4B4F-B00D-80B5D13B693B}.Release|Any CPU.Build.0 = Release|Any CPU
	EndGlobalSection
	GlobalSection(SolutionProperties) = preSolution
		HideSolutionNode = FALSE
	EndGlobalSection
	GlobalSection(ExtensibilityGlobals) = postSolution
		SolutionGuid = {7519AC37-D717-4F05-B6B8-5D68D4C24D26}
	EndGlobalSection
EndGlobal
